
Microsoft Visual Studio Solution File, Format Version 12.00
# Visual Studio Version 17
VisualStudioVersion = 17.9.34902.65
MinimumVisualStudioVersion = 10.0.40219.1
Project("{FAE04EC0-301F-11D3-BF4B-00C04F79EFBC}") = "Balo", "PTTKTT_BTL_QHD\Balo.csproj", "{B4ADC9AA-872D-492A-84E3-1241BAB0B7F1}"
EndProject
Project("{FAE04EC0-301F-11D3-BF4B-00C04F79EFBC}") = "Đường đi NGH", "Đường đi NGH\Đường đi NGH.csproj", "{0C132699-698E-4E1E-B59D-F9306D54ABAD}"
EndProject
Global
	GlobalSection(SolutionConfigurationPlatforms) = preSolution
		Debug|Any CPU = Debug|Any CPU
		Release|Any CPU = Release|Any CPU
	EndGlobalSection
	GlobalSection(ProjectConfigurationPlatforms) = postSolution
		{B4ADC9AA-872D-492A-84E3-1241BAB0B7F1}.Debug|Any CPU.ActiveCfg = Debug|Any CPU
		{B4ADC9AA-872D-492A-84E3-1241BAB0B7F1}.Debug|Any CPU.Build.0 = Debug|Any CPU
		{B4ADC9AA-872D-492A-84E3-1241BAB0B7F1}.Release|Any CPU.ActiveCfg = Release|Any CPU
		{B4ADC9AA-872D-492A-84E3-1241BAB0B7F1}.Release|Any CPU.Build.0 = Release|Any CPU
		{0C132699-698E-4E1E-B59D-F9306D54ABAD}.Debug|Any CPU.ActiveCfg = Debug|Any CPU
		{0C132699-698E-4E1E-B59D-F9306D54ABAD}.Debug|Any CPU.Build.0 = Debug|Any CPU
		{0C132699-698E-4E1E-B59D-F9306D54ABAD}.Release|Any CPU.ActiveCfg = Release|Any CPU
		{0C132699-698E-4E1E-B59D-F9306D54ABAD}.Release|Any CPU.Build.0 = Release|Any CPU
	EndGlobalSection
	GlobalSection(SolutionProperties) = preSolution
		HideSolutionNode = FALSE
	EndGlobalSection
	GlobalSection(ExtensibilityGlobals) = postSolution
		SolutionGuid = {C5E9653B-4624-4AF7-A7B3-D9E0489F6EE1}
	EndGlobalSection
EndGlobal
